
Microsoft Visual Studio Solution File, Format Version 12.00
# Visual Studio Version 16
VisualStudioVersion = 16.0.29411.108
MinimumVisualStudioVersion = 15.0.26124.0
Project("{9A19103F-16F7-4668-BE54-9A1E7A4F7556}") = "ProdamSP.CrossCutting.InversionOfControl", "4 - Infrastructure\4.2 - CrossCutting\ProdamSP.CrossCutting.InversionOfControl\ProdamSP.CrossCutting.InversionOfControl.csproj", "{423E7FF8-943A-473C-A45A-ECDFC96EED70}"
EndProject
Project("{9A19103F-16F7-4668-BE54-9A1E7A4F7556}") = "ProdamSP.Business", "2 - Business\ProdamSP.Business\ProdamSP.Business.csproj", "{E99D3F5F-0002-464A-82B3-1B5A78540E5F}"
EndProject
Project("{2150E333-8FDC-42A3-9474-1A3956D46DE8}") = "0 - Presentation", "0 - Presentation", "{DA0B00F7-38E3-44F7-B8CA-4E0C788108DD}"
EndProject
Project("{2150E333-8FDC-42A3-9474-1A3956D46DE8}") = "1 - Application", "1 - Application", "{7C550872-6847-43B8-AC5D-80F07E919C96}"
EndProject
Project("{2150E333-8FDC-42A3-9474-1A3956D46DE8}") = "2 - Business", "2 - Business", "{11322995-29F9-40C2-A678-135470FB70FC}"
EndProject
Project("{2150E333-8FDC-42A3-9474-1A3956D46DE8}") = "3 - Domain", "3 - Domain", "{2C8019ED-CE35-497D-AD5A-D416CD32AD89}"
EndProject
Project("{2150E333-8FDC-42A3-9474-1A3956D46DE8}") = "4 - Infrastructure", "4 - Infrastructure", "{6025BD3C-372B-4827-A5DC-EB12B84A4E51}"
EndProject
Project("{2150E333-8FDC-42A3-9474-1A3956D46DE8}") = "4.1 - Data", "4.1 - Data", "{0D9DB198-2812-4793-9B43-DA80BDCBB2CC}"
EndProject
Project("{2150E333-8FDC-42A3-9474-1A3956D46DE8}") = "4.2 - CrossCutting", "4.2 - CrossCutting", "{09F2C756-626C-4D3F-B6A7-BC85F1B57595}"
EndProject
Project("{2150E333-8FDC-42A3-9474-1A3956D46DE8}") = "5 - Tests", "5 - Tests", "{66BB97B9-B4C3-48D7-B8D3-FB47E8010F4C}"
EndProject
Project("{2150E333-8FDC-42A3-9474-1A3956D46DE8}") = "6 - Batch", "6 - Batch", "{70D0E40F-CFCB-4E3A-809F-9A43D1A23956}"
EndProject
Project("{2150E333-8FDC-42A3-9474-1A3956D46DE8}") = "Lib", "Lib", "{528254AF-0431-456D-82F0-805AA4C793D4}"
EndProject
Project("{9A19103F-16F7-4668-BE54-9A1E7A4F7556}") = "ProdamSP.CrossCutting", "4 - Infrastructure\4.2 - CrossCutting\ProdamSP.CrossCutting\ProdamSP.CrossCutting.csproj", "{2F7847BA-4F00-4D0F-BECF-BA0C9B4D5498}"
EndProject
Project("{9A19103F-16F7-4668-BE54-9A1E7A4F7556}") = "ProdamSP.CrossCutting.MemoryCache", "4 - Infrastructure\4.2 - CrossCutting\ProdamSP.CrossCutting.MemoryCache\ProdamSP.CrossCutting.MemoryCache.csproj", "{6CCF9AB9-641F-42C3-A426-91A5E1D6EE54}"
EndProject
Project("{9A19103F-16F7-4668-BE54-9A1E7A4F7556}") = "ProdamSP.CrossCutting.Services", "4 - Infrastructure\4.2 - CrossCutting\ProdamSP.CrossCutting.Services\ProdamSP.CrossCutting.Services.csproj", "{587FA23A-DC29-4A35-B107-AD6CE2F2A72A}"
EndProject
Project("{9A19103F-16F7-4668-BE54-9A1E7A4F7556}") = "ProdamSP.Domain", "3 - Domain\ProdamSP.Domain\ProdamSP.Domain.csproj", "{5729120B-B87C-4909-AC26-0743D962703E}"
EndProject
Project("{9A19103F-16F7-4668-BE54-9A1E7A4F7556}") = "ProdamSP.Application", "1 - Application\ProdamSP.Application\ProdamSP.Application.csproj", "{0F308824-C1C0-4B35-8080-82DB6953275F}"
EndProject
Project("{9A19103F-16F7-4668-BE54-9A1E7A4F7556}") = "ProdamSP.Reports", "1 - Application\ProdamSP.Reports\ProdamSP.Reports.csproj", "{970260F1-7007-4FC3-A882-E44FA4D4E2DD}"
EndProject
Project("{9A19103F-16F7-4668-BE54-9A1E7A4F7556}") = "ProdamSP.Data", "4 - Infrastructure\4.1 - Data\ProdamSP.Data\ProdamSP.Data.csproj", "{0E87CCEB-9286-4FD7-AE70-209FCAC77F5D}"
EndProject
Project("{9A19103F-16F7-4668-BE54-9A1E7A4F7556}") = "ProdamSP.SE1426.BatchApp", "6 - Batch\ProdamSP.SE1426.BatchApp\ProdamSP.SE1426.BatchApp.csproj", "{E7488ED4-7CA7-4DEF-AF06-A10E89662721}"
EndProject
Project("{9A19103F-16F7-4668-BE54-9A1E7A4F7556}") = "SE1426.Internet.ProdamSP.Blazor", "0 - Presentation\SE1426.Internet.ProdamSP.Blazor\SE1426.Internet.ProdamSP.Blazor.csproj", "{740976D2-8A08-4BF7-BAE0-43CB49408AD8}"
EndProject
Project("{9A19103F-16F7-4668-BE54-9A1E7A4F7556}") = "SE1426.Intranet.ProdamSP.Blazor", "0 - Presentation\SE1426.Intranet.ProdamSP.Blazor\SE1426.Intranet.ProdamSP.Blazor.csproj", "{ABA499C6-DFF9-4A52-B58D-D4AB082B030A}"
EndProject
Project("{9A19103F-16F7-4668-BE54-9A1E7A4F7556}") = "SE1426_Domain.Tests", "5 - Tests\SE1426_Domain.Tests\SE1426_Domain.Tests.csproj", "{7FDB8FD6-BAE5-4D17-8DDE-54C155D48DFA}"
EndProject
Project("{2150E333-8FDC-42A3-9474-1A3956D46DE8}") = "4.3 - Utils", "4.3 - Utils", "{1B1CA4EB-68CF-4F0A-BE76-B8E132C6362E}"
EndProject
Project("{9A19103F-16F7-4668-BE54-9A1E7A4F7556}") = "WcfCoreMessageEncoder", "4 - Infrastructure\4.3 - Utils\WcfCoreMessageEncoder\WcfCoreMessageEncoder.csproj", "{682AA176-9C6D-4DA7-8549-F6E5361A3644}"
EndProject
Project("{778DAE3C-4631-46EA-AA77-85C1314464D9}") = "Fonetica.NET", "4 - Infrastructure\4.3 - Utils\Fonetica.NET\Fonetica.NET.vbproj", "{FC767B17-0AA6-421B-BFE2-840866E33C2F}"
EndProject
Project("{9A19103F-16F7-4668-BE54-9A1E7A4F7556}") = "SE1426.ProdamSP.WebApi", "0 - Presentation\SE1426.ProdamSP.WebApi\SE1426.ProdamSP.WebApi.csproj", "{7A020523-0BE6-4A10-BDBD-7348228FE02B}"
EndProject
Project("{9A19103F-16F7-4668-BE54-9A1E7A4F7556}") = "ProdamSP.CAC.Token.Std", "4 - Infrastructure\4.3 - Utils\ProdamSP.CAC.Token.Std\ProdamSP.CAC.Token.Std.csproj", "{8088504E-868F-4362-8CC4-704C59A809EA}"
EndProject
Global
	GlobalSection(SolutionConfigurationPlatforms) = preSolution
		Debug|Any CPU = Debug|Any CPU
		Debug|x64 = Debug|x64
		Debug|x86 = Debug|x86
		Release|Any CPU = Release|Any CPU
		Release|x64 = Release|x64
		Release|x86 = Release|x86
	EndGlobalSection
	GlobalSection(ProjectConfigurationPlatforms) = postSolution
		{423E7FF8-943A-473C-A45A-ECDFC96EED70}.Debug|Any CPU.ActiveCfg = Debug|Any CPU
		{423E7FF8-943A-473C-A45A-ECDFC96EED70}.Debug|Any CPU.Build.0 = Debug|Any CPU
		{423E7FF8-943A-473C-A45A-ECDFC96EED70}.Debug|x64.ActiveCfg = Debug|Any CPU
		{423E7FF8-943A-473C-A45A-ECDFC96EED70}.Debug|x64.Build.0 = Debug|Any CPU
		{423E7FF8-943A-473C-A45A-ECDFC96EED70}.Debug|x86.ActiveCfg = Debug|Any CPU
		{423E7FF8-943A-473C-A45A-ECDFC96EED70}.Debug|x86.Build.0 = Debug|Any CPU
		{423E7FF8-943A-473C-A45A-ECDFC96EED70}.Release|Any CPU.ActiveCfg = Release|Any CPU
		{423E7FF8-943A-473C-A45A-ECDFC96EED70}.Release|Any CPU.Build.0 = Release|Any CPU
		{423E7FF8-943A-473C-A45A-ECDFC96EED70}.Release|x64.ActiveCfg = Release|Any CPU
		{423E7FF8-943A-473C-A45A-ECDFC96EED70}.Release|x64.Build.0 = Release|Any CPU
		{423E7FF8-943A-473C-A45A-ECDFC96EED70}.Release|x86.ActiveCfg = Release|Any CPU
		{423E7FF8-943A-473C-A45A-ECDFC96EED70}.Release|x86.Build.0 = Release|Any CPU
		{E99D3F5F-0002-464A-82B3-1B5A78540E5F}.Debug|Any CPU.ActiveCfg = Debug|Any CPU
		{E99D3F5F-0002-464A-82B3-1B5A78540E5F}.Debug|Any CPU.Build.0 = Debug|Any CPU
		{E99D3F5F-0002-464A-82B3-1B5A78540E5F}.Debug|x64.ActiveCfg = Debug|Any CPU
		{E99D3F5F-0002-464A-82B3-1B5A78540E5F}.Debug|x64.Build.0 = Debug|Any CPU
		{E99D3F5F-0002-464A-82B3-1B5A78540E5F}.Debug|x86.ActiveCfg = Debug|Any CPU
		{E99D3F5F-0002-464A-82B3-1B5A78540E5F}.Debug|x86.Build.0 = Debug|Any CPU
		{E99D3F5F-0002-464A-82B3-1B5A78540E5F}.Release|Any CPU.ActiveCfg = Release|Any CPU
		{E99D3F5F-0002-464A-82B3-1B5A78540E5F}.Release|Any CPU.Build.0 = Release|Any CPU
		{E99D3F5F-0002-464A-82B3-1B5A78540E5F}.Release|x64.ActiveCfg = Release|Any CPU
		{E99D3F5F-0002-464A-82B3-1B5A78540E5F}.Release|x64.Build.0 = Release|Any CPU
		{E99D3F5F-0002-464A-82B3-1B5A78540E5F}.Release|x86.ActiveCfg = Release|Any CPU
		{E99D3F5F-0002-464A-82B3-1B5A78540E5F}.Release|x86.Build.0 = Release|Any CPU
		{2F7847BA-4F00-4D0F-BECF-BA0C9B4D5498}.Debug|Any CPU.ActiveCfg = Debug|Any CPU
		{2F7847BA-4F00-4D0F-BECF-BA0C9B4D5498}.Debug|Any CPU.Build.0 = Debug|Any CPU
		{2F7847BA-4F00-4D0F-BECF-BA0C9B4D5498}.Debug|x64.ActiveCfg = Debug|Any CPU
		{2F7847BA-4F00-4D0F-BECF-BA0C9B4D5498}.Debug|x64.Build.0 = Debug|Any CPU
		{2F7847BA-4F00-4D0F-BECF-BA0C9B4D5498}.Debug|x86.ActiveCfg = Debug|Any CPU
		{2F7847BA-4F00-4D0F-BECF-BA0C9B4D5498}.Debug|x86.Build.0 = Debug|Any CPU
		{2F7847BA-4F00-4D0F-BECF-BA0C9B4D5498}.Release|Any CPU.ActiveCfg = Release|Any CPU
		{2F7847BA-4F00-4D0F-BECF-BA0C9B4D5498}.Release|Any CPU.Build.0 = Release|Any CPU
		{2F7847BA-4F00-4D0F-BECF-BA0C9B4D5498}.Release|x64.ActiveCfg = Release|Any CPU
		{2F7847BA-4F00-4D0F-BECF-BA0C9B4D5498}.Release|x64.Build.0 = Release|Any CPU
		{2F7847BA-4F00-4D0F-BECF-BA0C9B4D5498}.Release|x86.ActiveCfg = Release|Any CPU
		{2F7847BA-4F00-4D0F-BECF-BA0C9B4D5498}.Release|x86.Build.0 = Release|Any CPU
		{6CCF9AB9-641F-42C3-A426-91A5E1D6EE54}.Debug|Any CPU.ActiveCfg = Debug|Any CPU
		{6CCF9AB9-641F-42C3-A426-91A5E1D6EE54}.Debug|Any CPU.Build.0 = Debug|Any CPU
		{6CCF9AB9-641F-42C3-A426-91A5E1D6EE54}.Debug|x64.ActiveCfg = Debug|Any CPU
		{6CCF9AB9-641F-42C3-A426-91A5E1D6EE54}.Debug|x64.Build.0 = Debug|Any CPU
		{6CCF9AB9-641F-42C3-A426-91A5E1D6EE54}.Debug|x86.ActiveCfg = Debug|Any CPU
		{6CCF9AB9-641F-42C3-A426-91A5E1D6EE54}.Debug|x86.Build.0 = Debug|Any CPU
		{6CCF9AB9-641F-42C3-A426-91A5E1D6EE54}.Release|Any CPU.ActiveCfg = Release|Any CPU
		{6CCF9AB9-641F-42C3-A426-91A5E1D6EE54}.Release|Any CPU.Build.0 = Release|Any CPU
		{6CCF9AB9-641F-42C3-A426-91A5E1D6EE54}.Release|x64.ActiveCfg = Release|Any CPU
		{6CCF9AB9-641F-42C3-A426-91A5E1D6EE54}.Release|x64.Build.0 = Release|Any CPU
		{6CCF9AB9-641F-42C3-A426-91A5E1D6EE54}.Release|x86.ActiveCfg = Release|Any CPU
		{6CCF9AB9-641F-42C3-A426-91A5E1D6EE54}.Release|x86.Build.0 = Release|Any CPU
		{587FA23A-DC29-4A35-B107-AD6CE2F2A72A}.Debug|Any CPU.ActiveCfg = Debug|Any CPU
		{587FA23A-DC29-4A35-B107-AD6CE2F2A72A}.Debug|Any CPU.Build.0 = Debug|Any CPU
		{587FA23A-DC29-4A35-B107-AD6CE2F2A72A}.Debug|x64.ActiveCfg = Debug|Any CPU
		{587FA23A-DC29-4A35-B107-AD6CE2F2A72A}.Debug|x64.Build.0 = Debug|Any CPU
		{587FA23A-DC29-4A35-B107-AD6CE2F2A72A}.Debug|x86.ActiveCfg = Debug|Any CPU
		{587FA23A-DC29-4A35-B107-AD6CE2F2A72A}.Debug|x86.Build.0 = Debug|Any CPU
		{587FA23A-DC29-4A35-B107-AD6CE2F2A72A}.Release|Any CPU.ActiveCfg = Release|Any CPU
		{587FA23A-DC29-4A35-B107-AD6CE2F2A72A}.Release|Any CPU.Build.0 = Release|Any CPU
		{587FA23A-DC29-4A35-B107-AD6CE2F2A72A}.Release|x64.ActiveCfg = Release|Any CPU
		{587FA23A-DC29-4A35-B107-AD6CE2F2A72A}.Release|x64.Build.0 = Release|Any CPU
		{587FA23A-DC29-4A35-B107-AD6CE2F2A72A}.Release|x86.ActiveCfg = Release|Any CPU
		{587FA23A-DC29-4A35-B107-AD6CE2F2A72A}.Release|x86.Build.0 = Release|Any CPU
		{5729120B-B87C-4909-AC26-0743D962703E}.Debug|Any CPU.ActiveCfg = Debug|Any CPU
		{5729120B-B87C-4909-AC26-0743D962703E}.Debug|Any CPU.Build.0 = Debug|Any CPU
		{5729120B-B87C-4909-AC26-0743D962703E}.Debug|x64.ActiveCfg = Debug|Any CPU
		{5729120B-B87C-4909-AC26-0743D962703E}.Debug|x64.Build.0 = Debug|Any CPU
		{5729120B-B87C-4909-AC26-0743D962703E}.Debug|x86.ActiveCfg = Debug|Any CPU
		{5729120B-B87C-4909-AC26-0743D962703E}.Debug|x86.Build.0 = Debug|Any CPU
		{5729120B-B87C-4909-AC26-0743D962703E}.Release|Any CPU.ActiveCfg = Release|Any CPU
		{5729120B-B87C-4909-AC26-0743D962703E}.Release|Any CPU.Build.0 = Release|Any CPU
		{5729120B-B87C-4909-AC26-0743D962703E}.Release|x64.ActiveCfg = Release|Any CPU
		{5729120B-B87C-4909-AC26-0743D962703E}.Release|x64.Build.0 = Release|Any CPU
		{5729120B-B87C-4909-AC26-0743D962703E}.Release|x86.ActiveCfg = Release|Any CPU
		{5729120B-B87C-4909-AC26-0743D962703E}.Release|x86.Build.0 = Release|Any CPU
		{0F308824-C1C0-4B35-8080-82DB6953275F}.Debug|Any CPU.ActiveCfg = Debug|Any CPU
		{0F308824-C1C0-4B35-8080-82DB6953275F}.Debug|Any CPU.Build.0 = Debug|Any CPU
		{0F308824-C1C0-4B35-8080-82DB6953275F}.Debug|x64.ActiveCfg = Debug|Any CPU
		{0F308824-C1C0-4B35-8080-82DB6953275F}.Debug|x64.Build.0 = Debug|Any CPU
		{0F308824-C1C0-4B35-8080-82DB6953275F}.Debug|x86.ActiveCfg = Debug|Any CPU
		{0F308824-C1C0-4B35-8080-82DB6953275F}.Debug|x86.Build.0 = Debug|Any CPU
		{0F308824-C1C0-4B35-8080-82DB6953275F}.Release|Any CPU.ActiveCfg = Release|Any CPU
		{0F308824-C1C0-4B35-8080-82DB6953275F}.Release|Any CPU.Build.0 = Release|Any CPU
		{0F308824-C1C0-4B35-8080-82DB6953275F}.Release|x64.ActiveCfg = Release|Any CPU
		{0F308824-C1C0-4B35-8080-82DB6953275F}.Release|x64.Build.0 = Release|Any CPU
		{0F308824-C1C0-4B35-8080-82DB6953275F}.Release|x86.ActiveCfg = Release|Any CPU
		{0F308824-C1C0-4B35-8080-82DB6953275F}.Release|x86.Build.0 = Release|Any CPU
		{970260F1-7007-4FC3-A882-E44FA4D4E2DD}.Debug|Any CPU.ActiveCfg = Debug|Any CPU
		{970260F1-7007-4FC3-A882-E44FA4D4E2DD}.Debug|Any CPU.Build.0 = Debug|Any CPU
		{970260F1-7007-4FC3-A882-E44FA4D4E2DD}.Debug|x64.ActiveCfg = Debug|Any CPU
		{970260F1-7007-4FC3-A882-E44FA4D4E2DD}.Debug|x64.Build.0 = Debug|Any CPU
		{970260F1-7007-4FC3-A882-E44FA4D4E2DD}.Debug|x86.ActiveCfg = Debug|Any CPU
		{970260F1-7007-4FC3-A882-E44FA4D4E2DD}.Debug|x86.Build.0 = Debug|Any CPU
		{970260F1-7007-4FC3-A882-E44FA4D4E2DD}.Release|Any CPU.ActiveCfg = Release|Any CPU
		{970260F1-7007-4FC3-A882-E44FA4D4E2DD}.Release|Any CPU.Build.0 = Release|Any CPU
		{970260F1-7007-4FC3-A882-E44FA4D4E2DD}.Release|x64.ActiveCfg = Release|Any CPU
		{970260F1-7007-4FC3-A882-E44FA4D4E2DD}.Release|x64.Build.0 = Release|Any CPU
		{970260F1-7007-4FC3-A882-E44FA4D4E2DD}.Release|x86.ActiveCfg = Release|Any CPU
		{970260F1-7007-4FC3-A882-E44FA4D4E2DD}.Release|x86.Build.0 = Release|Any CPU
		{0E87CCEB-9286-4FD7-AE70-209FCAC77F5D}.Debug|Any CPU.ActiveCfg = Debug|Any CPU
		{0E87CCEB-9286-4FD7-AE70-209FCAC77F5D}.Debug|Any CPU.Build.0 = Debug|Any CPU
		{0E87CCEB-9286-4FD7-AE70-209FCAC77F5D}.Debug|x64.ActiveCfg = Debug|Any CPU
		{0E87CCEB-9286-4FD7-AE70-209FCAC77F5D}.Debug|x64.Build.0 = Debug|Any CPU
		{0E87CCEB-9286-4FD7-AE70-209FCAC77F5D}.Debug|x86.ActiveCfg = Debug|Any CPU
		{0E87CCEB-9286-4FD7-AE70-209FCAC77F5D}.Debug|x86.Build.0 = Debug|Any CPU
		{0E87CCEB-9286-4FD7-AE70-209FCAC77F5D}.Release|Any CPU.ActiveCfg = Release|Any CPU
		{0E87CCEB-9286-4FD7-AE70-209FCAC77F5D}.Release|Any CPU.Build.0 = Release|Any CPU
		{0E87CCEB-9286-4FD7-AE70-209FCAC77F5D}.Release|x64.ActiveCfg = Release|Any CPU
		{0E87CCEB-9286-4FD7-AE70-209FCAC77F5D}.Release|x64.Build.0 = Release|Any CPU
		{0E87CCEB-9286-4FD7-AE70-209FCAC77F5D}.Release|x86.ActiveCfg = Release|Any CPU
		{0E87CCEB-9286-4FD7-AE70-209FCAC77F5D}.Release|x86.Build.0 = Release|Any CPU
		{E7488ED4-7CA7-4DEF-AF06-A10E89662721}.Debug|Any CPU.ActiveCfg = Debug|Any CPU
		{E7488ED4-7CA7-4DEF-AF06-A10E89662721}.Debug|Any CPU.Build.0 = Debug|Any CPU
		{E7488ED4-7CA7-4DEF-AF06-A10E89662721}.Debug|x64.ActiveCfg = Debug|Any CPU
		{E7488ED4-7CA7-4DEF-AF06-A10E89662721}.Debug|x64.Build.0 = Debug|Any CPU
		{E7488ED4-7CA7-4DEF-AF06-A10E89662721}.Debug|x86.ActiveCfg = Debug|Any CPU
		{E7488ED4-7CA7-4DEF-AF06-A10E89662721}.Debug|x86.Build.0 = Debug|Any CPU
		{E7488ED4-7CA7-4DEF-AF06-A10E89662721}.Release|Any CPU.ActiveCfg = Release|Any CPU
		{E7488ED4-7CA7-4DEF-AF06-A10E89662721}.Release|Any CPU.Build.0 = Release|Any CPU
		{E7488ED4-7CA7-4DEF-AF06-A10E89662721}.Release|x64.ActiveCfg = Release|Any CPU
		{E7488ED4-7CA7-4DEF-AF06-A10E89662721}.Release|x64.Build.0 = Release|Any CPU
		{E7488ED4-7CA7-4DEF-AF06-A10E89662721}.Release|x86.ActiveCfg = Release|Any CPU
		{E7488ED4-7CA7-4DEF-AF06-A10E89662721}.Release|x86.Build.0 = Release|Any CPU
		{740976D2-8A08-4BF7-BAE0-43CB49408AD8}.Debug|Any CPU.ActiveCfg = Debug|Any CPU
		{740976D2-8A08-4BF7-BAE0-43CB49408AD8}.Debug|Any CPU.Build.0 = Debug|Any CPU
		{740976D2-8A08-4BF7-BAE0-43CB49408AD8}.Debug|x64.ActiveCfg = Debug|Any CPU
		{740976D2-8A08-4BF7-BAE0-43CB49408AD8}.Debug|x64.Build.0 = Debug|Any CPU
		{740976D2-8A08-4BF7-BAE0-43CB49408AD8}.Debug|x86.ActiveCfg = Debug|Any CPU
		{740976D2-8A08-4BF7-BAE0-43CB49408AD8}.Debug|x86.Build.0 = Debug|Any CPU
		{740976D2-8A08-4BF7-BAE0-43CB49408AD8}.Release|Any CPU.ActiveCfg = Release|Any CPU
		{740976D2-8A08-4BF7-BAE0-43CB49408AD8}.Release|Any CPU.Build.0 = Release|Any CPU
		{740976D2-8A08-4BF7-BAE0-43CB49408AD8}.Release|x64.ActiveCfg = Release|Any CPU
		{740976D2-8A08-4BF7-BAE0-43CB49408AD8}.Release|x64.Build.0 = Release|Any CPU
		{740976D2-8A08-4BF7-BAE0-43CB49408AD8}.Release|x86.ActiveCfg = Release|Any CPU
		{740976D2-8A08-4BF7-BAE0-43CB49408AD8}.Release|x86.Build.0 = Release|Any CPU
		{ABA499C6-DFF9-4A52-B58D-D4AB082B030A}.Debug|Any CPU.ActiveCfg = Debug|Any CPU
		{ABA499C6-DFF9-4A52-B58D-D4AB082B030A}.Debug|Any CPU.Build.0 = Debug|Any CPU
		{ABA499C6-DFF9-4A52-B58D-D4AB082B030A}.Debug|x64.ActiveCfg = Debug|Any CPU
		{ABA499C6-DFF9-4A52-B58D-D4AB082B030A}.Debug|x64.Build.0 = Debug|Any CPU
		{ABA499C6-DFF9-4A52-B58D-D4AB082B030A}.Debug|x86.ActiveCfg = Debug|Any CPU
		{ABA499C6-DFF9-4A52-B58D-D4AB082B030A}.Debug|x86.Build.0 = Debug|Any CPU
		{ABA499C6-DFF9-4A52-B58D-D4AB082B030A}.Release|Any CPU.ActiveCfg = Release|Any CPU
		{ABA499C6-DFF9-4A52-B58D-D4AB082B030A}.Release|Any CPU.Build.0 = Release|Any CPU
		{ABA499C6-DFF9-4A52-B58D-D4AB082B030A}.Release|x64.ActiveCfg = Release|Any CPU
		{ABA499C6-DFF9-4A52-B58D-D4AB082B030A}.Release|x64.Build.0 = Release|Any CPU
		{ABA499C6-DFF9-4A52-B58D-D4AB082B030A}.Release|x86.ActiveCfg = Release|Any CPU
		{ABA499C6-DFF9-4A52-B58D-D4AB082B030A}.Release|x86.Build.0 = Release|Any CPU
		{7FDB8FD6-BAE5-4D17-8DDE-54C155D48DFA}.Debug|Any CPU.ActiveCfg = Debug|Any CPU
		{7FDB8FD6-BAE5-4D17-8DDE-54C155D48DFA}.Debug|Any CPU.Build.0 = Debug|Any CPU
		{7FDB8FD6-BAE5-4D17-8DDE-54C155D48DFA}.Debug|x64.ActiveCfg = Debug|Any CPU
		{7FDB8FD6-BAE5-4D17-8DDE-54C155D48DFA}.Debug|x64.Build.0 = Debug|Any CPU
		{7FDB8FD6-BAE5-4D17-8DDE-54C155D48DFA}.Debug|x86.ActiveCfg = Debug|Any CPU
		{7FDB8FD6-BAE5-4D17-8DDE-54C155D48DFA}.Debug|x86.Build.0 = Debug|Any CPU
		{7FDB8FD6-BAE5-4D17-8DDE-54C155D48DFA}.Release|Any CPU.ActiveCfg = Release|Any CPU
		{7FDB8FD6-BAE5-4D17-8DDE-54C155D48DFA}.Release|Any CPU.Build.0 = Release|Any CPU
		{7FDB8FD6-BAE5-4D17-8DDE-54C155D48DFA}.Release|x64.ActiveCfg = Release|Any CPU
		{7FDB8FD6-BAE5-4D17-8DDE-54C155D48DFA}.Release|x64.Build.0 = Release|Any CPU
		{7FDB8FD6-BAE5-4D17-8DDE-54C155D48DFA}.Release|x86.ActiveCfg = Release|Any CPU
		{7FDB8FD6-BAE5-4D17-8DDE-54C155D48DFA}.Release|x86.Build.0 = Release|Any CPU
		{682AA176-9C6D-4DA7-8549-F6E5361A3644}.Debug|Any CPU.ActiveCfg = Debug|Any CPU
		{682AA176-9C6D-4DA7-8549-F6E5361A3644}.Debug|Any CPU.Build.0 = Debug|Any CPU
		{682AA176-9C6D-4DA7-8549-F6E5361A3644}.Debug|x64.ActiveCfg = Debug|Any CPU
		{682AA176-9C6D-4DA7-8549-F6E5361A3644}.Debug|x64.Build.0 = Debug|Any CPU
		{682AA176-9C6D-4DA7-8549-F6E5361A3644}.Debug|x86.ActiveCfg = Debug|Any CPU
		{682AA176-9C6D-4DA7-8549-F6E5361A3644}.Debug|x86.Build.0 = Debug|Any CPU
		{682AA176-9C6D-4DA7-8549-F6E5361A3644}.Release|Any CPU.ActiveCfg = Release|Any CPU
		{682AA176-9C6D-4DA7-8549-F6E5361A3644}.Release|Any CPU.Build.0 = Release|Any CPU
		{682AA176-9C6D-4DA7-8549-F6E5361A3644}.Release|x64.ActiveCfg = Release|Any CPU
		{682AA176-9C6D-4DA7-8549-F6E5361A3644}.Release|x64.Build.0 = Release|Any CPU
		{682AA176-9C6D-4DA7-8549-F6E5361A3644}.Release|x86.ActiveCfg = Release|Any CPU
		{682AA176-9C6D-4DA7-8549-F6E5361A3644}.Release|x86.Build.0 = Release|Any CPU
		{FC767B17-0AA6-421B-BFE2-840866E33C2F}.Debug|Any CPU.ActiveCfg = Debug|Any CPU
		{FC767B17-0AA6-421B-BFE2-840866E33C2F}.Debug|Any CPU.Build.0 = Debug|Any CPU
		{FC767B17-0AA6-421B-BFE2-840866E33C2F}.Debug|x64.ActiveCfg = Debug|Any CPU
		{FC767B17-0AA6-421B-BFE2-840866E33C2F}.Debug|x64.Build.0 = Debug|Any CPU
		{FC767B17-0AA6-421B-BFE2-840866E33C2F}.Debug|x86.ActiveCfg = Debug|Any CPU
		{FC767B17-0AA6-421B-BFE2-840866E33C2F}.Debug|x86.Build.0 = Debug|Any CPU
		{FC767B17-0AA6-421B-BFE2-840866E33C2F}.Release|Any CPU.ActiveCfg = Release|Any CPU
		{FC767B17-0AA6-421B-BFE2-840866E33C2F}.Release|Any CPU.Build.0 = Release|Any CPU
		{FC767B17-0AA6-421B-BFE2-840866E33C2F}.Release|x64.ActiveCfg = Release|Any CPU
		{FC767B17-0AA6-421B-BFE2-840866E33C2F}.Release|x64.Build.0 = Release|Any CPU
		{FC767B17-0AA6-421B-BFE2-840866E33C2F}.Release|x86.ActiveCfg = Release|Any CPU
		{FC767B17-0AA6-421B-BFE2-840866E33C2F}.Release|x86.Build.0 = Release|Any CPU
		{7A020523-0BE6-4A10-BDBD-7348228FE02B}.Debug|Any CPU.ActiveCfg = Debug|Any CPU
		{7A020523-0BE6-4A10-BDBD-7348228FE02B}.Debug|Any CPU.Build.0 = Debug|Any CPU
		{7A020523-0BE6-4A10-BDBD-7348228FE02B}.Debug|x64.ActiveCfg = Debug|Any CPU
		{7A020523-0BE6-4A10-BDBD-7348228FE02B}.Debug|x64.Build.0 = Debug|Any CPU
		{7A020523-0BE6-4A10-BDBD-7348228FE02B}.Debug|x86.ActiveCfg = Debug|Any CPU
		{7A020523-0BE6-4A10-BDBD-7348228FE02B}.Debug|x86.Build.0 = Debug|Any CPU
		{7A020523-0BE6-4A10-BDBD-7348228FE02B}.Release|Any CPU.ActiveCfg = Release|Any CPU
		{7A020523-0BE6-4A10-BDBD-7348228FE02B}.Release|Any CPU.Build.0 = Release|Any CPU
		{7A020523-0BE6-4A10-BDBD-7348228FE02B}.Release|x64.ActiveCfg = Release|Any CPU
		{7A020523-0BE6-4A10-BDBD-7348228FE02B}.Release|x64.Build.0 = Release|Any CPU
		{7A020523-0BE6-4A10-BDBD-7348228FE02B}.Release|x86.ActiveCfg = Release|Any CPU
		{7A020523-0BE6-4A10-BDBD-7348228FE02B}.Release|x86.Build.0 = Release|Any CPU
		{8088504E-868F-4362-8CC4-704C59A809EA}.Debug|Any CPU.ActiveCfg = Debug|Any CPU
		{8088504E-868F-4362-8CC4-704C59A809EA}.Debug|Any CPU.Build.0 = Debug|Any CPU
		{8088504E-868F-4362-8CC4-704C59A809EA}.Debug|x64.ActiveCfg = Debug|Any CPU
		{8088504E-868F-4362-8CC4-704C59A809EA}.Debug|x64.Build.0 = Debug|Any CPU
		{8088504E-868F-4362-8CC4-704C59A809EA}.Debug|x86.ActiveCfg = Debug|Any CPU
		{8088504E-868F-4362-8CC4-704C59A809EA}.Debug|x86.Build.0 = Debug|Any CPU
		{8088504E-868F-4362-8CC4-704C59A809EA}.Release|Any CPU.ActiveCfg = Release|Any CPU
		{8088504E-868F-4362-8CC4-704C59A809EA}.Release|Any CPU.Build.0 = Release|Any CPU
		{8088504E-868F-4362-8CC4-704C59A809EA}.Release|x64.ActiveCfg = Release|Any CPU
		{8088504E-868F-4362-8CC4-704C59A809EA}.Release|x64.Build.0 = Release|Any CPU
		{8088504E-868F-4362-8CC4-704C59A809EA}.Release|x86.ActiveCfg = Release|Any CPU
		{8088504E-868F-4362-8CC4-704C59A809EA}.Release|x86.Build.0 = Release|Any CPU
	EndGlobalSection
	GlobalSection(SolutionProperties) = preSolution
		HideSolutionNode = FALSE
	EndGlobalSection
	GlobalSection(NestedProjects) = preSolution
		{423E7FF8-943A-473C-A45A-ECDFC96EED70} = {09F2C756-626C-4D3F-B6A7-BC85F1B57595}
		{E99D3F5F-0002-464A-82B3-1B5A78540E5F} = {11322995-29F9-40C2-A678-135470FB70FC}
		{0D9DB198-2812-4793-9B43-DA80BDCBB2CC} = {6025BD3C-372B-4827-A5DC-EB12B84A4E51}
		{09F2C756-626C-4D3F-B6A7-BC85F1B57595} = {6025BD3C-372B-4827-A5DC-EB12B84A4E51}
		{2F7847BA-4F00-4D0F-BECF-BA0C9B4D5498} = {09F2C756-626C-4D3F-B6A7-BC85F1B57595}
		{6CCF9AB9-641F-42C3-A426-91A5E1D6EE54} = {09F2C756-626C-4D3F-B6A7-BC85F1B57595}
		{587FA23A-DC29-4A35-B107-AD6CE2F2A72A} = {09F2C756-626C-4D3F-B6A7-BC85F1B57595}
		{5729120B-B87C-4909-AC26-0743D962703E} = {2C8019ED-CE35-497D-AD5A-D416CD32AD89}
		{0F308824-C1C0-4B35-8080-82DB6953275F} = {7C550872-6847-43B8-AC5D-80F07E919C96}
		{970260F1-7007-4FC3-A882-E44FA4D4E2DD} = {7C550872-6847-43B8-AC5D-80F07E919C96}
		{0E87CCEB-9286-4FD7-AE70-209FCAC77F5D} = {0D9DB198-2812-4793-9B43-DA80BDCBB2CC}
		{E7488ED4-7CA7-4DEF-AF06-A10E89662721} = {70D0E40F-CFCB-4E3A-809F-9A43D1A23956}
		{740976D2-8A08-4BF7-BAE0-43CB49408AD8} = {DA0B00F7-38E3-44F7-B8CA-4E0C788108DD}
		{ABA499C6-DFF9-4A52-B58D-D4AB082B030A} = {DA0B00F7-38E3-44F7-B8CA-4E0C788108DD}
		{7FDB8FD6-BAE5-4D17-8DDE-54C155D48DFA} = {66BB97B9-B4C3-48D7-B8D3-FB47E8010F4C}
		{1B1CA4EB-68CF-4F0A-BE76-B8E132C6362E} = {6025BD3C-372B-4827-A5DC-EB12B84A4E51}
		{682AA176-9C6D-4DA7-8549-F6E5361A3644} = {1B1CA4EB-68CF-4F0A-BE76-B8E132C6362E}
		{FC767B17-0AA6-421B-BFE2-840866E33C2F} = {1B1CA4EB-68CF-4F0A-BE76-B8E132C6362E}
		{7A020523-0BE6-4A10-BDBD-7348228FE02B} = {DA0B00F7-38E3-44F7-B8CA-4E0C788108DD}
		{8088504E-868F-4362-8CC4-704C59A809EA} = {1B1CA4EB-68CF-4F0A-BE76-B8E132C6362E}
	EndGlobalSection
	GlobalSection(ExtensibilityGlobals) = postSolution
		SolutionGuid = {985ECB53-B601-4ECE-9E70-5DA293722BF6}
	EndGlobalSection
EndGlobal
